
Microsoft Visual Studio Solution File, Format Version 12.00
# Visual Studio Version 16
VisualStudioVersion = 16.0.32929.386
MinimumVisualStudioVersion = 10.0.40219.1
Project("{FAE04EC0-301F-11D3-BF4B-00C04F79EFBC}") = "ConsoleApp1", "ConsoleApp1\ConsoleApp1.csproj", "{5DE12CC0-0251-4770-815D-6B96E8363AF2}"
EndProject
Global
	GlobalSection(SolutionConfigurationPlatforms) = preSolution
		Debug|Any CPU = Debug|Any CPU
		Release|Any CPU = Release|Any CPU
	EndGlobalSection
	GlobalSection(ProjectConfigurationPlatforms) = postSolution
		{5DE12CC0-0251-4770-815D-6B96E8363AF2}.Debug|Any CPU.ActiveCfg = Debug|Any CPU
		{5DE12CC0-0251-4770-815D-6B96E8363AF2}.Debug|Any CPU.Build.0 = Debug|Any CPU
		{5DE12CC0-0251-4770-815D-6B96E8363AF2}.Release|Any CPU.ActiveCfg = Release|Any CPU
		{5DE12CC0-0251-4770-815D-6B96E8363AF2}.Release|Any CPU.Build.0 = Release|Any CPU
	EndGlobalSection
	GlobalSection(SolutionProperties) = preSolution
		HideSolutionNode = FALSE
	EndGlobalSection
	GlobalSection(ExtensibilityGlobals) = postSolution
		SolutionGuid = {15A6B062-6E53-4742-A733-3D0C81AD6C23}
	EndGlobalSection
EndGlobal
